
Microsoft Visual Studio Solution File, Format Version 12.00
# Visual Studio Version 17
VisualStudioVersion = 17.10.35013.160
MinimumVisualStudioVersion = 10.0.40219.1
Project("{FAE04EC0-301F-11D3-BF4B-00C04F79EFBC}") = "NetBB", "NetBB\NetBB.csproj", "{FF806517-ADAB-48BD-8CE1-D35D17524C33}"
EndProject
Global
	GlobalSection(SolutionConfigurationPlatforms) = preSolution
		Debug|Any CPU = Debug|Any CPU
		Release|Any CPU = Release|Any CPU
	EndGlobalSection
	GlobalSection(ProjectConfigurationPlatforms) = postSolution
		{FF806517-ADAB-48BD-8CE1-D35D17524C33}.Debug|Any CPU.ActiveCfg = Debug|Any CPU
		{FF806517-ADAB-48BD-8CE1-D35D17524C33}.Debug|Any CPU.Build.0 = Debug|Any CPU
		{FF806517-ADAB-48BD-8CE1-D35D17524C33}.Release|Any CPU.ActiveCfg = Release|Any CPU
		{FF806517-ADAB-48BD-8CE1-D35D17524C33}.Release|Any CPU.Build.0 = Release|Any CPU
	EndGlobalSection
	GlobalSection(SolutionProperties) = preSolution
		HideSolutionNode = FALSE
	EndGlobalSection
	GlobalSection(ExtensibilityGlobals) = postSolution
		SolutionGuid = {CC791FBA-1533-44F4-A206-8447112C9BBE}
	EndGlobalSection
EndGlobal
